
Microsoft Visual Studio Solution File, Format Version 12.00
# Visual Studio Version 17
VisualStudioVersion = 17.11.35312.102
MinimumVisualStudioVersion = 10.0.40219.1
Project("{2150E333-8FDC-42A3-9474-1A3956D46DE8}") = "Solution Items", "Solution Items", "{78337E5A-AFC6-4A6C-AF78-458F2E72F661}"
EndProject
Project("{2150E333-8FDC-42A3-9474-1A3956D46DE8}") = "Common", "Common", "{FD623928-A3C0-4565-AC71-9C7B785D8609}"
EndProject
Project("{2150E333-8FDC-42A3-9474-1A3956D46DE8}") = "Gateway", "Gateway", "{69695BD5-7E14-4AB0-BD47-4A8DF7753347}"
EndProject
Project("{9A19103F-16F7-4668-BE54-9A1E7A4F7556}") = "Gateway", "Gateway\Gateway\Gateway.csproj", "{CBADCA3D-EF18-468F-A6DF-A5DB2F4E544F}"
EndProject
Project("{2150E333-8FDC-42A3-9474-1A3956D46DE8}") = "Product", "Product", "{BE6872B9-DA83-4519-86FE-0C827ADC4ADB}"
EndProject
Project("{2150E333-8FDC-42A3-9474-1A3956D46DE8}") = "docker", "docker", "{59494D58-D98D-4CA8-9BDE-2E0CC261E305}"
	ProjectSection(SolutionItems) = preProject
		Product\docker\Dockerfile = Product\docker\Dockerfile
	EndProjectSection
EndProject
Project("{9A19103F-16F7-4668-BE54-9A1E7A4F7556}") = "WebAPI.Core", "Product\WebAPI.Core\WebAPI.Core.csproj", "{DE5701B9-7777-4198-A644-03A14225C4A5}"
EndProject
Project("{9A19103F-16F7-4668-BE54-9A1E7A4F7556}") = "WebAPI.Infrastructure", "Product\WebAPI.Infrastructure\WebAPI.Infrastructure.csproj", "{7466DB4A-4FDA-4F62-81C8-C851B0F63793}"
EndProject
Project("{2150E333-8FDC-42A3-9474-1A3956D46DE8}") = "Test", "Test", "{B3907091-8E9F-4BBC-B334-806979A6B0A0}"
EndProject
Project("{9A19103F-16F7-4668-BE54-9A1E7A4F7556}") = "WebAPI.Tests", "Product\Tests\WebAPI.Tests.csproj", "{4DFFE89B-9D8F-43F4-8F52-B3831EF72B49}"
EndProject
Project("{9A19103F-16F7-4668-BE54-9A1E7A4F7556}") = "WebAPI.ProductAPI", "Product\WebAPI.ProductAPI\WebAPI.ProductAPI.csproj", "{F0387808-3515-4B2C-980F-974F24F4E63C}"
EndProject
Project("{2150E333-8FDC-42A3-9474-1A3956D46DE8}") = "docker", "docker", "{C7EAE157-3EAE-4F00-8AB7-2AD17AFD12F7}"
	ProjectSection(SolutionItems) = preProject
		Gateway\docker\.dockerignore = Gateway\docker\.dockerignore
		Gateway\docker\Dockerfile = Gateway\docker\Dockerfile
	EndProjectSection
EndProject
Project("{E53339B2-1760-4266-BCC7-CA923CBCF16C}") = "docker-compose", "docker-compose.dcproj", "{2066C17D-7D07-4711-976D-5C5247E14A61}"
EndProject
Project("{2150E333-8FDC-42A3-9474-1A3956D46DE8}") = "Auth", "Auth", "{04CE2FAF-BA56-4515-A3A9-4534C1364514}"
EndProject
Project("{9A19103F-16F7-4668-BE54-9A1E7A4F7556}") = "JwtAuthAPI", "Auth\JwtAuthAPI\JwtAuthAPI.csproj", "{7DBDE9D2-1A4E-4EC1-9535-861323A0ADD8}"
EndProject
Project("{9A19103F-16F7-4668-BE54-9A1E7A4F7556}") = "JwtAuthManager", "Auth\JwtAuthManager\JwtAuthManager.csproj", "{B7CE570B-C323-434B-8731-587F04C3DF49}"
EndProject
Project("{2150E333-8FDC-42A3-9474-1A3956D46DE8}") = "InventoryService", "InventoryService", "{6B22E6F6-A3EF-496A-8671-980C29E3D410}"
	ProjectSection(SolutionItems) = preProject
		InventoryService\docker\Dockerfile = InventoryService\docker\Dockerfile
	EndProjectSection
EndProject
Project("{9A19103F-16F7-4668-BE54-9A1E7A4F7556}") = "Inventory.Infrastructure", "InventoryService\Inventory.Infrastructure\Inventory.Infrastructure.csproj", "{B74CCEF2-135D-4888-8A64-A478A0B6817E}"
EndProject
Project("{9A19103F-16F7-4668-BE54-9A1E7A4F7556}") = "Inventory.Domain", "InventoryService\Inventory.Domain\Inventory.Domain.csproj", "{79D1006F-6F68-4351-91EC-4163D58A9F6B}"
EndProject
Project("{9A19103F-16F7-4668-BE54-9A1E7A4F7556}") = "Inventory.API", "InventoryService\Inventory.API\Inventory.API.csproj", "{D5A26F54-6A64-410B-A1E3-A9909FE94D1D}"
EndProject
Project("{9A19103F-16F7-4668-BE54-9A1E7A4F7556}") = "Products.Common", "Common\Products.Common\Products.Common.csproj", "{2A1CCB2C-CF23-4267-8C09-B5230C4987FB}"
EndProject
Project("{2150E333-8FDC-42A3-9474-1A3956D46DE8}") = "docker", "docker", "{E58513BC-25C8-40C7-8435-CB3F19824706}"
	ProjectSection(SolutionItems) = preProject
		InventoryService\docker\Dockerfile = InventoryService\docker\Dockerfile
	EndProjectSection
EndProject
Project("{9A19103F-16F7-4668-BE54-9A1E7A4F7556}") = "Inventory.Application", "InventoryService\Inventory.Application\Inventory.Application.csproj", "{11F3F12D-20F0-4ECB-BBF8-83D8698368E3}"
EndProject
Global
	GlobalSection(SolutionConfigurationPlatforms) = preSolution
		Debug|Any CPU = Debug|Any CPU
		Release|Any CPU = Release|Any CPU
	EndGlobalSection
	GlobalSection(ProjectConfigurationPlatforms) = postSolution
		{CBADCA3D-EF18-468F-A6DF-A5DB2F4E544F}.Debug|Any CPU.ActiveCfg = Debug|Any CPU
		{CBADCA3D-EF18-468F-A6DF-A5DB2F4E544F}.Debug|Any CPU.Build.0 = Debug|Any CPU
		{CBADCA3D-EF18-468F-A6DF-A5DB2F4E544F}.Release|Any CPU.ActiveCfg = Release|Any CPU
		{CBADCA3D-EF18-468F-A6DF-A5DB2F4E544F}.Release|Any CPU.Build.0 = Release|Any CPU
		{DE5701B9-7777-4198-A644-03A14225C4A5}.Debug|Any CPU.ActiveCfg = Debug|Any CPU
		{DE5701B9-7777-4198-A644-03A14225C4A5}.Debug|Any CPU.Build.0 = Debug|Any CPU
		{DE5701B9-7777-4198-A644-03A14225C4A5}.Release|Any CPU.ActiveCfg = Release|Any CPU
		{DE5701B9-7777-4198-A644-03A14225C4A5}.Release|Any CPU.Build.0 = Release|Any CPU
		{7466DB4A-4FDA-4F62-81C8-C851B0F63793}.Debug|Any CPU.ActiveCfg = Debug|Any CPU
		{7466DB4A-4FDA-4F62-81C8-C851B0F63793}.Debug|Any CPU.Build.0 = Debug|Any CPU
		{7466DB4A-4FDA-4F62-81C8-C851B0F63793}.Release|Any CPU.ActiveCfg = Release|Any CPU
		{7466DB4A-4FDA-4F62-81C8-C851B0F63793}.Release|Any CPU.Build.0 = Release|Any CPU
		{4DFFE89B-9D8F-43F4-8F52-B3831EF72B49}.Debug|Any CPU.ActiveCfg = Debug|Any CPU
		{4DFFE89B-9D8F-43F4-8F52-B3831EF72B49}.Debug|Any CPU.Build.0 = Debug|Any CPU
		{4DFFE89B-9D8F-43F4-8F52-B3831EF72B49}.Release|Any CPU.ActiveCfg = Release|Any CPU
		{4DFFE89B-9D8F-43F4-8F52-B3831EF72B49}.Release|Any CPU.Build.0 = Release|Any CPU
		{F0387808-3515-4B2C-980F-974F24F4E63C}.Debug|Any CPU.ActiveCfg = Debug|Any CPU
		{F0387808-3515-4B2C-980F-974F24F4E63C}.Debug|Any CPU.Build.0 = Debug|Any CPU
		{F0387808-3515-4B2C-980F-974F24F4E63C}.Release|Any CPU.ActiveCfg = Release|Any CPU
		{F0387808-3515-4B2C-980F-974F24F4E63C}.Release|Any CPU.Build.0 = Release|Any CPU
		{2066C17D-7D07-4711-976D-5C5247E14A61}.Debug|Any CPU.ActiveCfg = Debug|Any CPU
		{2066C17D-7D07-4711-976D-5C5247E14A61}.Debug|Any CPU.Build.0 = Debug|Any CPU
		{2066C17D-7D07-4711-976D-5C5247E14A61}.Release|Any CPU.ActiveCfg = Release|Any CPU
		{2066C17D-7D07-4711-976D-5C5247E14A61}.Release|Any CPU.Build.0 = Release|Any CPU
		{7DBDE9D2-1A4E-4EC1-9535-861323A0ADD8}.Debug|Any CPU.ActiveCfg = Debug|Any CPU
		{7DBDE9D2-1A4E-4EC1-9535-861323A0ADD8}.Debug|Any CPU.Build.0 = Debug|Any CPU
		{7DBDE9D2-1A4E-4EC1-9535-861323A0ADD8}.Release|Any CPU.ActiveCfg = Release|Any CPU
		{7DBDE9D2-1A4E-4EC1-9535-861323A0ADD8}.Release|Any CPU.Build.0 = Release|Any CPU
		{B7CE570B-C323-434B-8731-587F04C3DF49}.Debug|Any CPU.ActiveCfg = Debug|Any CPU
		{B7CE570B-C323-434B-8731-587F04C3DF49}.Debug|Any CPU.Build.0 = Debug|Any CPU
		{B7CE570B-C323-434B-8731-587F04C3DF49}.Release|Any CPU.ActiveCfg = Release|Any CPU
		{B7CE570B-C323-434B-8731-587F04C3DF49}.Release|Any CPU.Build.0 = Release|Any CPU
		{B74CCEF2-135D-4888-8A64-A478A0B6817E}.Debug|Any CPU.ActiveCfg = Debug|Any CPU
		{B74CCEF2-135D-4888-8A64-A478A0B6817E}.Debug|Any CPU.Build.0 = Debug|Any CPU
		{B74CCEF2-135D-4888-8A64-A478A0B6817E}.Release|Any CPU.ActiveCfg = Release|Any CPU
		{B74CCEF2-135D-4888-8A64-A478A0B6817E}.Release|Any CPU.Build.0 = Release|Any CPU
		{79D1006F-6F68-4351-91EC-4163D58A9F6B}.Debug|Any CPU.ActiveCfg = Debug|Any CPU
		{79D1006F-6F68-4351-91EC-4163D58A9F6B}.Debug|Any CPU.Build.0 = Debug|Any CPU
		{79D1006F-6F68-4351-91EC-4163D58A9F6B}.Release|Any CPU.ActiveCfg = Release|Any CPU
		{79D1006F-6F68-4351-91EC-4163D58A9F6B}.Release|Any CPU.Build.0 = Release|Any CPU
		{D5A26F54-6A64-410B-A1E3-A9909FE94D1D}.Debug|Any CPU.ActiveCfg = Debug|Any CPU
		{D5A26F54-6A64-410B-A1E3-A9909FE94D1D}.Debug|Any CPU.Build.0 = Debug|Any CPU
		{D5A26F54-6A64-410B-A1E3-A9909FE94D1D}.Release|Any CPU.ActiveCfg = Release|Any CPU
		{D5A26F54-6A64-410B-A1E3-A9909FE94D1D}.Release|Any CPU.Build.0 = Release|Any CPU
		{2A1CCB2C-CF23-4267-8C09-B5230C4987FB}.Debug|Any CPU.ActiveCfg = Debug|Any CPU
		{2A1CCB2C-CF23-4267-8C09-B5230C4987FB}.Debug|Any CPU.Build.0 = Debug|Any CPU
		{2A1CCB2C-CF23-4267-8C09-B5230C4987FB}.Release|Any CPU.ActiveCfg = Release|Any CPU
		{2A1CCB2C-CF23-4267-8C09-B5230C4987FB}.Release|Any CPU.Build.0 = Release|Any CPU
		{11F3F12D-20F0-4ECB-BBF8-83D8698368E3}.Debug|Any CPU.ActiveCfg = Debug|Any CPU
		{11F3F12D-20F0-4ECB-BBF8-83D8698368E3}.Debug|Any CPU.Build.0 = Debug|Any CPU
		{11F3F12D-20F0-4ECB-BBF8-83D8698368E3}.Release|Any CPU.ActiveCfg = Release|Any CPU
		{11F3F12D-20F0-4ECB-BBF8-83D8698368E3}.Release|Any CPU.Build.0 = Release|Any CPU
	EndGlobalSection
	GlobalSection(SolutionProperties) = preSolution
		HideSolutionNode = FALSE
	EndGlobalSection
	GlobalSection(NestedProjects) = preSolution
		{CBADCA3D-EF18-468F-A6DF-A5DB2F4E544F} = {69695BD5-7E14-4AB0-BD47-4A8DF7753347}
		{59494D58-D98D-4CA8-9BDE-2E0CC261E305} = {BE6872B9-DA83-4519-86FE-0C827ADC4ADB}
		{DE5701B9-7777-4198-A644-03A14225C4A5} = {BE6872B9-DA83-4519-86FE-0C827ADC4ADB}
		{7466DB4A-4FDA-4F62-81C8-C851B0F63793} = {BE6872B9-DA83-4519-86FE-0C827ADC4ADB}
		{B3907091-8E9F-4BBC-B334-806979A6B0A0} = {BE6872B9-DA83-4519-86FE-0C827ADC4ADB}
		{4DFFE89B-9D8F-43F4-8F52-B3831EF72B49} = {B3907091-8E9F-4BBC-B334-806979A6B0A0}
		{F0387808-3515-4B2C-980F-974F24F4E63C} = {BE6872B9-DA83-4519-86FE-0C827ADC4ADB}
		{C7EAE157-3EAE-4F00-8AB7-2AD17AFD12F7} = {69695BD5-7E14-4AB0-BD47-4A8DF7753347}
		{7DBDE9D2-1A4E-4EC1-9535-861323A0ADD8} = {04CE2FAF-BA56-4515-A3A9-4534C1364514}
		{B7CE570B-C323-434B-8731-587F04C3DF49} = {04CE2FAF-BA56-4515-A3A9-4534C1364514}
		{B74CCEF2-135D-4888-8A64-A478A0B6817E} = {6B22E6F6-A3EF-496A-8671-980C29E3D410}
		{79D1006F-6F68-4351-91EC-4163D58A9F6B} = {6B22E6F6-A3EF-496A-8671-980C29E3D410}
		{D5A26F54-6A64-410B-A1E3-A9909FE94D1D} = {6B22E6F6-A3EF-496A-8671-980C29E3D410}
		{2A1CCB2C-CF23-4267-8C09-B5230C4987FB} = {FD623928-A3C0-4565-AC71-9C7B785D8609}
		{E58513BC-25C8-40C7-8435-CB3F19824706} = {6B22E6F6-A3EF-496A-8671-980C29E3D410}
		{11F3F12D-20F0-4ECB-BBF8-83D8698368E3} = {6B22E6F6-A3EF-496A-8671-980C29E3D410}
	EndGlobalSection
	GlobalSection(ExtensibilityGlobals) = postSolution
		SolutionGuid = {C24CEB32-C61F-4324-8C4F-0833793DA693}
	EndGlobalSection
EndGlobal
