
Microsoft Visual Studio Solution File, Format Version 12.00
# Visual Studio Version 17
VisualStudioVersion = 17.11.35312.102
MinimumVisualStudioVersion = 10.0.40219.1
Project("{9A19103F-16F7-4668-BE54-9A1E7A4F7556}") = "WebAPI.Infrastructure", "WebAPI.Infrastructure\WebAPI.Infrastructure.csproj", "{DF86EAD9-DB00-42D3-B834-F536F98C92CB}"
EndProject
Project("{9A19103F-16F7-4668-BE54-9A1E7A4F7556}") = "WebAPI.Core", "WebAPI.Core\WebAPI.Core.csproj", "{35592A3F-3215-4FAF-A139-A088BCF6104A}"
EndProject
Project("{9A19103F-16F7-4668-BE54-9A1E7A4F7556}") = "WebAPI.API", "WebAPI.API\WebAPI.API.csproj", "{C60D8546-0CD4-45BD-B367-903E5711A3C3}"
EndProject
Project("{2150E333-8FDC-42A3-9474-1A3956D46DE8}") = "Solution Items", "Solution Items", "{78337E5A-AFC6-4A6C-AF78-458F2E72F661}"
	ProjectSection(SolutionItems) = preProject
		.env = .env
		docker-compose.yml = docker-compose.yml
		Dockerfile = Dockerfile
	EndProjectSection
EndProject
Project("{2150E333-8FDC-42A3-9474-1A3956D46DE8}") = "test", "test", "{F3BF7430-805C-4DFA-9FEB-778D89415400}"
EndProject
Project("{FAE04EC0-301F-11D3-BF4B-00C04F79EFBC}") = "WebAPI.Tests", "Tests\WebAPI.Tests.csproj", "{8AF86FDC-A423-4892-A3B2-E42F388D8637}"
EndProject
Global
	GlobalSection(SolutionConfigurationPlatforms) = preSolution
		Debug|Any CPU = Debug|Any CPU
		Release|Any CPU = Release|Any CPU
	EndGlobalSection
	GlobalSection(ProjectConfigurationPlatforms) = postSolution
		{DF86EAD9-DB00-42D3-B834-F536F98C92CB}.Debug|Any CPU.ActiveCfg = Debug|Any CPU
		{DF86EAD9-DB00-42D3-B834-F536F98C92CB}.Debug|Any CPU.Build.0 = Debug|Any CPU
		{DF86EAD9-DB00-42D3-B834-F536F98C92CB}.Release|Any CPU.ActiveCfg = Release|Any CPU
		{DF86EAD9-DB00-42D3-B834-F536F98C92CB}.Release|Any CPU.Build.0 = Release|Any CPU
		{35592A3F-3215-4FAF-A139-A088BCF6104A}.Debug|Any CPU.ActiveCfg = Debug|Any CPU
		{35592A3F-3215-4FAF-A139-A088BCF6104A}.Debug|Any CPU.Build.0 = Debug|Any CPU
		{35592A3F-3215-4FAF-A139-A088BCF6104A}.Release|Any CPU.ActiveCfg = Release|Any CPU
		{35592A3F-3215-4FAF-A139-A088BCF6104A}.Release|Any CPU.Build.0 = Release|Any CPU
		{C60D8546-0CD4-45BD-B367-903E5711A3C3}.Debug|Any CPU.ActiveCfg = Debug|Any CPU
		{C60D8546-0CD4-45BD-B367-903E5711A3C3}.Debug|Any CPU.Build.0 = Debug|Any CPU
		{C60D8546-0CD4-45BD-B367-903E5711A3C3}.Release|Any CPU.ActiveCfg = Release|Any CPU
		{C60D8546-0CD4-45BD-B367-903E5711A3C3}.Release|Any CPU.Build.0 = Release|Any CPU
		{8AF86FDC-A423-4892-A3B2-E42F388D8637}.Debug|Any CPU.ActiveCfg = Debug|Any CPU
		{8AF86FDC-A423-4892-A3B2-E42F388D8637}.Debug|Any CPU.Build.0 = Debug|Any CPU
		{8AF86FDC-A423-4892-A3B2-E42F388D8637}.Release|Any CPU.ActiveCfg = Release|Any CPU
		{8AF86FDC-A423-4892-A3B2-E42F388D8637}.Release|Any CPU.Build.0 = Release|Any CPU
	EndGlobalSection
	GlobalSection(SolutionProperties) = preSolution
		HideSolutionNode = FALSE
	EndGlobalSection
	GlobalSection(NestedProjects) = preSolution
		{8AF86FDC-A423-4892-A3B2-E42F388D8637} = {F3BF7430-805C-4DFA-9FEB-778D89415400}
	EndGlobalSection
	GlobalSection(ExtensibilityGlobals) = postSolution
		SolutionGuid = {C24CEB32-C61F-4324-8C4F-0833793DA693}
	EndGlobalSection
EndGlobal
